# This file is automatically @generated by Cargo.
# It is not intended for manual editing.
version = 3

[[package]]
name = "base64"
version = "0.22.1"
source = "registry+https://github.com/rust-lang/crates.io-index"
checksum = "72b3254f16251a8381aa12e40e3c4d2f0199f8c6508fbecb9d91f575e0fbb8c6"

[[package]]
name = "builtin"
version = "0.1.0"
source = "git+https://github.com/verus-lang/verus?branch=main#521f5e801c5321b1a9502f9955e0ef8c29606f65"

[[package]]
name = "builtin_macros"
version = "0.1.0"
source = "git+https://github.com/verus-lang/verus?branch=main#521f5e801c5321b1a9502f9955e0ef8c29606f65"
dependencies = [
 "prettyplease_verus",
 "proc-macro2",
 "quote",
 "syn 1.0.109",
 "syn_verus",
 "synstructure",
]

[[package]]
name = "const-oid"
version = "0.9.6"
source = "registry+https://github.com/rust-lang/crates.io-index"
checksum = "c2459377285ad874054d797f3ccebf984978aa39129f6eafde5cdc8315b612f8"

[[package]]
name = "der"
version = "0.7.9"
source = "registry+https://github.com/rust-lang/crates.io-index"
checksum = "f55bf8e7b65898637379c1b74eb1551107c8294ed26d855ceb9fd1a09cfc9bc0"
dependencies = [
 "const-oid",
 "zeroize",
]

[[package]]
name = "macros"
version = "0.1.0"
dependencies = [
 "quote",
 "syn 2.0.77",
]

[[package]]
name = "parser"
version = "0.1.0"
dependencies = [
 "base64",
 "builtin",
 "builtin_macros",
 "der",
 "macros",
 "paste",
 "polyfill",
 "vest",
 "vstd",
]

[[package]]
name = "paste"
version = "1.0.15"
source = "registry+https://github.com/rust-lang/crates.io-index"
checksum = "57c0d7b74b563b49d38dae00a0c37d4d6de9b432382b2892f0574ddcae73fd0a"

[[package]]
name = "polyfill"
version = "0.1.0"
dependencies = [
 "builtin",
 "builtin_macros",
 "vstd",
]

[[package]]
name = "prettyplease_verus"
version = "0.1.15"
source = "git+https://github.com/verus-lang/verus?branch=main#521f5e801c5321b1a9502f9955e0ef8c29606f65"
dependencies = [
 "proc-macro2",
 "syn_verus",
]

[[package]]
name = "proc-macro2"
version = "1.0.86"
source = "registry+https://github.com/rust-lang/crates.io-index"
checksum = "5e719e8df665df0d1c8fbfd238015744736151d4445ec0836b8e628aae103b77"
dependencies = [
 "unicode-ident",
]

[[package]]
name = "quote"
version = "1.0.37"
source = "registry+https://github.com/rust-lang/crates.io-index"
checksum = "b5b9d34b8991d19d98081b46eacdd8eb58c6f2b201139f7c5f643cc155a633af"
dependencies = [
 "proc-macro2",
]

[[package]]
name = "syn"
version = "1.0.109"
source = "registry+https://github.com/rust-lang/crates.io-index"
checksum = "72b64191b275b66ffe2469e8af2c1cfe3bafa67b529ead792a6d0160888b4237"
dependencies = [
 "proc-macro2",
 "quote",
 "unicode-ident",
]

[[package]]
name = "syn"
version = "2.0.77"
source = "registry+https://github.com/rust-lang/crates.io-index"
checksum = "9f35bcdf61fd8e7be6caf75f429fdca8beb3ed76584befb503b1569faee373ed"
dependencies = [
 "proc-macro2",
 "quote",
 "unicode-ident",
]

[[package]]
name = "syn_verus"
version = "1.0.95"
source = "git+https://github.com/verus-lang/verus?branch=main#521f5e801c5321b1a9502f9955e0ef8c29606f65"
dependencies = [
 "proc-macro2",
 "quote",
 "unicode-ident",
]

[[package]]
name = "synstructure"
version = "0.12.6"
source = "registry+https://github.com/rust-lang/crates.io-index"
checksum = "f36bdaa60a83aca3921b5259d5400cbf5e90fc51931376a9bd4a0eb79aa7210f"
dependencies = [
 "proc-macro2",
 "quote",
 "syn 1.0.109",
 "unicode-xid",
]

[[package]]
name = "unicode-ident"
version = "1.0.12"
source = "registry+https://github.com/rust-lang/crates.io-index"
checksum = "3354b9ac3fae1ff6755cb6db53683adb661634f67557942dea4facebec0fee4b"

[[package]]
name = "unicode-xid"
version = "0.2.5"
source = "registry+https://github.com/rust-lang/crates.io-index"
checksum = "229730647fbc343e3a80e463c1db7f78f3855d3f3739bee0dda773c9a037c90a"

[[package]]
name = "vest"
version = "0.1.0"
dependencies = [
 "builtin",
 "builtin_macros",
 "vstd",
]

[[package]]
name = "vstd"
version = "0.1.0"
source = "git+https://github.com/verus-lang/verus?branch=main#521f5e801c5321b1a9502f9955e0ef8c29606f65"
dependencies = [
 "builtin",
 "builtin_macros",
]

[[package]]
name = "zeroize"
version = "1.8.1"
source = "registry+https://github.com/rust-lang/crates.io-index"
checksum = "ced3678a2879b30306d323f4542626697a464a97c0a07c9aebf7ebca65cd4dde"
